
Microsoft Visual Studio Solution File, Format Version 12.00
# Visual Studio Version 17
VisualStudioVersion = 17.7.34024.191
MinimumVisualStudioVersion = 10.0.40219.1
Project("{FAE04EC0-301F-11D3-BF4B-00C04F79EFBC}") = "WebApi2", "WebApi2\WebApi2.csproj", "{97E548D6-DB95-4515-B427-F90467630D9A}"
EndProject
Global
	GlobalSection(SolutionConfigurationPlatforms) = preSolution
		Debug|Any CPU = Debug|Any CPU
		Release|Any CPU = Release|Any CPU
	EndGlobalSection
	GlobalSection(ProjectConfigurationPlatforms) = postSolution
		{97E548D6-DB95-4515-B427-F90467630D9A}.Debug|Any CPU.ActiveCfg = Debug|Any CPU
		{97E548D6-DB95-4515-B427-F90467630D9A}.Debug|Any CPU.Build.0 = Debug|Any CPU
		{97E548D6-DB95-4515-B427-F90467630D9A}.Release|Any CPU.ActiveCfg = Release|Any CPU
		{97E548D6-DB95-4515-B427-F90467630D9A}.Release|Any CPU.Build.0 = Release|Any CPU
	EndGlobalSection
	GlobalSection(SolutionProperties) = preSolution
		HideSolutionNode = FALSE
	EndGlobalSection
	GlobalSection(ExtensibilityGlobals) = postSolution
		SolutionGuid = {289371CB-0E2B-466E-A199-32AC4F06F668}
	EndGlobalSection
EndGlobal
